
Microsoft Visual Studio Solution File, Format Version 12.00
# Visual Studio Version 17
VisualStudioVersion = 17.4.33213.308
MinimumVisualStudioVersion = 10.0.40219.1
Project("{FAE04EC0-301F-11D3-BF4B-00C04F79EFBC}") = "FirstC-Sharp", "FirstC-Sharp\FirstC-Sharp.csproj", "{37F1A28C-B01C-46C9-A604-67AA967A496A}"
EndProject
Global
	GlobalSection(SolutionConfigurationPlatforms) = preSolution
		Debug|Any CPU = Debug|Any CPU
		Release|Any CPU = Release|Any CPU
	EndGlobalSection
	GlobalSection(ProjectConfigurationPlatforms) = postSolution
		{37F1A28C-B01C-46C9-A604-67AA967A496A}.Debug|Any CPU.ActiveCfg = Debug|Any CPU
		{37F1A28C-B01C-46C9-A604-67AA967A496A}.Debug|Any CPU.Build.0 = Debug|Any CPU
		{37F1A28C-B01C-46C9-A604-67AA967A496A}.Release|Any CPU.ActiveCfg = Release|Any CPU
		{37F1A28C-B01C-46C9-A604-67AA967A496A}.Release|Any CPU.Build.0 = Release|Any CPU
	EndGlobalSection
	GlobalSection(SolutionProperties) = preSolution
		HideSolutionNode = FALSE
	EndGlobalSection
	GlobalSection(ExtensibilityGlobals) = postSolution
		SolutionGuid = {1B0EEF9D-B4AF-4D2F-AAF5-AB3BD4D21067}
	EndGlobalSection
EndGlobal
